
Microsoft Visual Studio Solution File, Format Version 12.00
# Visual Studio 15
VisualStudioVersion = 15.0.28307.1169
MinimumVisualStudioVersion = 10.0.40219.1
Project("{00D1A9C2-B5F0-4AF3-8072-F6C62B433612}") = "SQL_DataCheck", "SQL_DataCheck\SQL_DataCheck.sqlproj", "{CB191109-D1D4-47BC-92C8-249E4C08B2DD}"
EndProject
Global
	GlobalSection(SolutionConfigurationPlatforms) = preSolution
		Debug|Any CPU = Debug|Any CPU
		Release|Any CPU = Release|Any CPU
	EndGlobalSection
	GlobalSection(ProjectConfigurationPlatforms) = postSolution
		{CB191109-D1D4-47BC-92C8-249E4C08B2DD}.Debug|Any CPU.ActiveCfg = Debug|Any CPU
		{CB191109-D1D4-47BC-92C8-249E4C08B2DD}.Debug|Any CPU.Build.0 = Debug|Any CPU
		{CB191109-D1D4-47BC-92C8-249E4C08B2DD}.Debug|Any CPU.Deploy.0 = Debug|Any CPU
		{CB191109-D1D4-47BC-92C8-249E4C08B2DD}.Release|Any CPU.ActiveCfg = Release|Any CPU
		{CB191109-D1D4-47BC-92C8-249E4C08B2DD}.Release|Any CPU.Build.0 = Release|Any CPU
		{CB191109-D1D4-47BC-92C8-249E4C08B2DD}.Release|Any CPU.Deploy.0 = Release|Any CPU
	EndGlobalSection
	GlobalSection(SolutionProperties) = preSolution
		HideSolutionNode = FALSE
	EndGlobalSection
	GlobalSection(ExtensibilityGlobals) = postSolution
		SolutionGuid = {81D6E2C0-F821-4832-8FB2-327C1B750B5C}
	EndGlobalSection
EndGlobal
